
Microsoft Visual Studio Solution File, Format Version 12.00
# Visual Studio Version 17
VisualStudioVersion = 17.5.33424.131
MinimumVisualStudioVersion = 10.0.40219.1
Project("{FAE04EC0-301F-11D3-BF4B-00C04F79EFBC}") = "WindowsFormsApp3", "WindowsFormsApp3\WindowsFormsApp3.csproj", "{5CE65A7A-5967-4D10-BF8A-4D0ECD738128}"
EndProject
Global
	GlobalSection(SolutionConfigurationPlatforms) = preSolution
		Debug|Any CPU = Debug|Any CPU
		Release|Any CPU = Release|Any CPU
	EndGlobalSection
	GlobalSection(ProjectConfigurationPlatforms) = postSolution
		{5CE65A7A-5967-4D10-BF8A-4D0ECD738128}.Debug|Any CPU.ActiveCfg = Debug|Any CPU
		{5CE65A7A-5967-4D10-BF8A-4D0ECD738128}.Debug|Any CPU.Build.0 = Debug|Any CPU
		{5CE65A7A-5967-4D10-BF8A-4D0ECD738128}.Release|Any CPU.ActiveCfg = Release|Any CPU
		{5CE65A7A-5967-4D10-BF8A-4D0ECD738128}.Release|Any CPU.Build.0 = Release|Any CPU
	EndGlobalSection
	GlobalSection(SolutionProperties) = preSolution
		HideSolutionNode = FALSE
	EndGlobalSection
	GlobalSection(ExtensibilityGlobals) = postSolution
		SolutionGuid = {012BD9F6-4222-4977-AD15-2A14DFD1A5CD}
	EndGlobalSection
EndGlobal
